# Generated by buf. DO NOT EDIT.
version: v1
deps:
  - remote: buf.build
    owner: cosmos
    repository: cosmos-proto
    commit: 1935555c206d4afb9e94615dfd0fad31
    digest: shake256:c74d91a3ac7ae07d579e90eee33abf9b29664047ac8816500cf22c081fec0d72d62c89ce0bebafc1f6fec7aa5315be72606717740ca95007248425102c365377
  - remote: buf.build
    owner: cosmos
    repository: cosmos-sdk
    commit: 5a6ab7bc14314acaa912d5e53aef1c2f
    digest: shake256:02c00c73493720055f9b57553a35b5550023a3c1914123b247956288a78fb913aff70e66552777ae14d759467e119079d484af081264a5dd607a94d9fbc8116b
  - remote: buf.build
    owner: cosmos
    repository: gogo-proto
    commit: 88ef6483f90f478fb938c37dde52ece3
    digest: shake256:89c45df2aa11e0cff97b0d695436713db3d993d76792e9f8dc1ae90e6ab9a9bec55503d48ceedd6b86069ab07d3041b32001b2bfe0227fa725dd515ff381e5ba
  - remote: buf.build
    owner: cosmos
    repository: ibc
    commit: fbb44f5ad3194450af479a615fa715d9
    digest: shake256:3fbf41c96089017ebf3b5143f78de0d531f604cb11da1bc98b2104eb6dd295b8a49f5f35c60b8389ba50bfa08959da905109324099e75ece9afd8e4087b14019
  - remote: buf.build
    owner: cosmos
    repository: ics23
    commit: 55085f7c710a45f58fa09947208eb70b
    digest: shake256:9bf0bc495b5a11c88d163d39ef521bc4b00bc1374a05758c91d82821bdc61f09e8c2c51dda8452529bf80137f34d852561eacbe9550a59015d51cecb0dacb628
  - remote: buf.build
    owner: cosmos
    repository: interchain-security
    commit: 4fcaba68958648a180fdc72c487018b5
    digest: shake256:a699ee174513d757cbd2f7a5827f9622b15c0204fe850bdeedbeb4e141f6c33a0e3e341e7aaf6cdd2e05f3deaf6932282805a090b0624759a2418ed7aceb3bc7
  - remote: buf.build
    owner: googleapis
    repository: googleapis
    commit: f52d4f76a8434cc5966798b1d3b4f110
    digest: shake256:71566dd80e39b7d85fdaa9b7f82107385181d5b6d17ea56c0aacce61099b35f9f1bcf7333ad9838ca19d24d7f076b039de7c9c09c55d23bb4c2fddfceff4d2c2
